{
  "nodes": {
    "nixpkgs": {
      "locked": {
        "lastModified": 1740713535,
        "narHash": "sha256-XnsD0vuy4nUTMIhSo1XwYLs7fsuC4BW2n0e0d/gB18U=",
        "owner": "NixOS",
        "repo": "nixpkgs",
        "rev": "f61bd35c9f3711d85a39a1acffb3f85d2f521e1d",
        "type": "github"
      },
      "original": {
        "owner": "NixOS",
        "repo": "nixpkgs",
        "type": "github"
      }
    },
    "root": {
      "inputs": {
        "nixpkgs": "nixpkgs"
      }
    }
  },
  "root": "root",
  "version": 7
}
